
Microsoft Visual Studio Solution File, Format Version 12.00
# Visual Studio Version 17
VisualStudioVersion = 17.10.34916.146
MinimumVisualStudioVersion = 10.0.40219.1
Project("{FAE04EC0-301F-11D3-BF4B-00C04F79EFBC}") = "BusinessObjects", "BusinessObjects\BusinessObjects.csproj", "{6FA351EA-7A58-4E56-9B6A-4D8DB3ED0348}"
EndProject
Project("{FAE04EC0-301F-11D3-BF4B-00C04F79EFBC}") = "Repositories", "Repositories\Repositories.csproj", "{99FC991D-9EA3-477B-8631-D7322A7DE759}"
EndProject
Project("{FAE04EC0-301F-11D3-BF4B-00C04F79EFBC}") = "DataAccess", "DataAccess\DataAccess.csproj", "{1658F7AE-25EA-4A7E-A3E9-1F43E146DE5B}"
EndProject
Project("{FAE04EC0-301F-11D3-BF4B-00C04F79EFBC}") = "ProjectManagementAPI", "ProjectManagementAPI\ProjectManagementAPI.csproj", "{A102AEB3-9287-46E4-9ECA-51A52952702D}"
EndProject
Project("{FAE04EC0-301F-11D3-BF4B-00C04F79EFBC}") = "IdentityAjaxClient", "IdentityAjaxClient\IdentityAjaxClient.csproj", "{4D7BCED3-6837-4FDF-9155-62F21B580C7C}"
EndProject
Global
	GlobalSection(SolutionConfigurationPlatforms) = preSolution
		Debug|Any CPU = Debug|Any CPU
		Release|Any CPU = Release|Any CPU
	EndGlobalSection
	GlobalSection(ProjectConfigurationPlatforms) = postSolution
		{6FA351EA-7A58-4E56-9B6A-4D8DB3ED0348}.Debug|Any CPU.ActiveCfg = Debug|Any CPU
		{6FA351EA-7A58-4E56-9B6A-4D8DB3ED0348}.Debug|Any CPU.Build.0 = Debug|Any CPU
		{6FA351EA-7A58-4E56-9B6A-4D8DB3ED0348}.Release|Any CPU.ActiveCfg = Release|Any CPU
		{6FA351EA-7A58-4E56-9B6A-4D8DB3ED0348}.Release|Any CPU.Build.0 = Release|Any CPU
		{99FC991D-9EA3-477B-8631-D7322A7DE759}.Debug|Any CPU.ActiveCfg = Debug|Any CPU
		{99FC991D-9EA3-477B-8631-D7322A7DE759}.Debug|Any CPU.Build.0 = Debug|Any CPU
		{99FC991D-9EA3-477B-8631-D7322A7DE759}.Release|Any CPU.ActiveCfg = Release|Any CPU
		{99FC991D-9EA3-477B-8631-D7322A7DE759}.Release|Any CPU.Build.0 = Release|Any CPU
		{1658F7AE-25EA-4A7E-A3E9-1F43E146DE5B}.Debug|Any CPU.ActiveCfg = Debug|Any CPU
		{1658F7AE-25EA-4A7E-A3E9-1F43E146DE5B}.Debug|Any CPU.Build.0 = Debug|Any CPU
		{1658F7AE-25EA-4A7E-A3E9-1F43E146DE5B}.Release|Any CPU.ActiveCfg = Release|Any CPU
		{1658F7AE-25EA-4A7E-A3E9-1F43E146DE5B}.Release|Any CPU.Build.0 = Release|Any CPU
		{A102AEB3-9287-46E4-9ECA-51A52952702D}.Debug|Any CPU.ActiveCfg = Debug|Any CPU
		{A102AEB3-9287-46E4-9ECA-51A52952702D}.Debug|Any CPU.Build.0 = Debug|Any CPU
		{A102AEB3-9287-46E4-9ECA-51A52952702D}.Release|Any CPU.ActiveCfg = Release|Any CPU
		{A102AEB3-9287-46E4-9ECA-51A52952702D}.Release|Any CPU.Build.0 = Release|Any CPU
		{4D7BCED3-6837-4FDF-9155-62F21B580C7C}.Debug|Any CPU.ActiveCfg = Debug|Any CPU
		{4D7BCED3-6837-4FDF-9155-62F21B580C7C}.Debug|Any CPU.Build.0 = Debug|Any CPU
		{4D7BCED3-6837-4FDF-9155-62F21B580C7C}.Release|Any CPU.ActiveCfg = Release|Any CPU
		{4D7BCED3-6837-4FDF-9155-62F21B580C7C}.Release|Any CPU.Build.0 = Release|Any CPU
	EndGlobalSection
	GlobalSection(SolutionProperties) = preSolution
		HideSolutionNode = FALSE
	EndGlobalSection
	GlobalSection(ExtensibilityGlobals) = postSolution
		SolutionGuid = {6EF96BE6-D2AF-4AF1-AAF6-97ECB3E760D9}
	EndGlobalSection
EndGlobal
